// !$*UTF8*$!
{
	archiveVersion = 1;
	classes = {
	};
	objectVersion = 50;
	objects = {

/* Begin PBXBuildFile section */
		2F02A84920D578E9003AC7AB /* README.rtf in Resources */ = {isa = PBXBuildFile; fileRef = 2F02A84820D578E9003AC7AB /* README.rtf */; };
		2F9D474120D43AEC007C377E /* Model.xcdatamodeld in Sources */ = {isa = PBXBuildFile; fileRef = 2F9D473F20D43AEC007C377E /* Model.xcdatamodeld */; };
		2F9D474620D43CAE007C377E /* CoreDataTaskForce+CoreDataClass.swift in Sources */ = {isa = PBXBuildFile; fileRef = 2F9D474220D43CAE007C377E /* CoreDataTaskForce+CoreDataClass.swift */; };
		2F9D474720D43CAE007C377E /* CoreDataTaskForce+CoreDataProperties.swift in Sources */ = {isa = PBXBuildFile; fileRef = 2F9D474320D43CAE007C377E /* CoreDataTaskForce+CoreDataProperties.swift */; };
		2F9D474820D43CAE007C377E /* CoreDataFleet+CoreDataClass.swift in Sources */ = {isa = PBXBuildFile; fileRef = 2F9D474420D43CAE007C377E /* CoreDataFleet+CoreDataClass.swift */; };
		2F9D474920D43CAE007C377E /* CoreDataFleet+CoreDataProperties.swift in Sources */ = {isa = PBXBuildFile; fileRef = 2F9D474520D43CAE007C377E /* CoreDataFleet+CoreDataProperties.swift */; };
		2FA7685920B36B0B006EA163 /* units.swift in Sources */ = {isa = PBXBuildFile; fileRef = 2FA7685820B36B0B006EA163 /* units.swift */; };
		2FA7685B20B36EF0006EA163 /* fleets.swift in Sources */ = {isa = PBXBuildFile; fileRef = 2FA7685A20B36EF0006EA163 /* fleets.swift */; };
		2FF0B27420ADF70A0036F9EA /* AppDelegate.swift in Sources */ = {isa = PBXBuildFile; fileRef = 2FF0B27320ADF70A0036F9EA /* AppDelegate.swift */; };
		2FF0B27620ADF70A0036F9EA /* WelcomeViewController.swift in Sources */ = {isa = PBXBuildFile; fileRef = 2FF0B27520ADF70A0036F9EA /* WelcomeViewController.swift */; };
		2FF0B27820ADF70A0036F9EA /* SelectFleetViewController.swift in Sources */ = {isa = PBXBuildFile; fileRef = 2FF0B27720ADF70A0036F9EA /* SelectFleetViewController.swift */; };
		2FF0B27B20ADF70A0036F9EA /* Main.storyboard in Resources */ = {isa = PBXBuildFile; fileRef = 2FF0B27920ADF70A0036F9EA /* Main.storyboard */; };
		2FF0B27D20ADF70A0036F9EA /* Assets.xcassets in Resources */ = {isa = PBXBuildFile; fileRef = 2FF0B27C20ADF70A0036F9EA /* Assets.xcassets */; };
		2FF0B28020ADF70A0036F9EA /* LaunchScreen.storyboard in Resources */ = {isa = PBXBuildFile; fileRef = 2FF0B27E20ADF70A0036F9EA /* LaunchScreen.storyboard */; };
		2FF0B28A20AE31350036F9EA /* EditFleetViewController.swift in Sources */ = {isa = PBXBuildFile; fileRef = 2FF0B28920AE31350036F9EA /* EditFleetViewController.swift */; };
		2FF0B28C20AE31FC0036F9EA /* SoloBattleViewController.swift in Sources */ = {isa = PBXBuildFile; fileRef = 2FF0B28B20AE31FC0036F9EA /* SoloBattleViewController.swift */; };
		2FF0B29020AE41340036F9EA /* NetworkBattleViewController.swift in Sources */ = {isa = PBXBuildFile; fileRef = 2FF0B28F20AE41340036F9EA /* NetworkBattleViewController.swift */; };
		2FF72D7720E6C0B800A800D9 /* iPhone.storyboard in Resources */ = {isa = PBXBuildFile; fileRef = 2FF72D7520E6C0B800A800D9 /* iPhone.storyboard */; };
		2FFC5C1F20E817F300F65C32 /* battleTableCell.xib in Resources */ = {isa = PBXBuildFile; fileRef = 2FFC5C1E20E817F300F65C32 /* battleTableCell.xib */; };
		2FFC5C2120E8209000F65C32 /* battleTableCell.swift in Sources */ = {isa = PBXBuildFile; fileRef = 2FFC5C2020E8209000F65C32 /* battleTableCell.swift */; };
/* End PBXBuildFile section */

/* Begin PBXFileReference section */
		2F02A84820D578E9003AC7AB /* README.rtf */ = {isa = PBXFileReference; lastKnownFileType = text.rtf; path = README.rtf; sourceTree = "<group>"; };
		2F9D474020D43AEC007C377E /* Model.xcdatamodel */ = {isa = PBXFileReference; lastKnownFileType = wrapper.xcdatamodel; path = Model.xcdatamodel; sourceTree = "<group>"; };
		2F9D474220D43CAE007C377E /* CoreDataTaskForce+CoreDataClass.swift */ = {isa = PBXFileReference; lastKnownFileType = sourcecode.swift; path = "CoreDataTaskForce+CoreDataClass.swift"; sourceTree = "<group>"; };
		2F9D474320D43CAE007C377E /* CoreDataTaskForce+CoreDataProperties.swift */ = {isa = PBXFileReference; lastKnownFileType = sourcecode.swift; path = "CoreDataTaskForce+CoreDataProperties.swift"; sourceTree = "<group>"; };
		2F9D474420D43CAE007C377E /* CoreDataFleet+CoreDataClass.swift */ = {isa = PBXFileReference; lastKnownFileType = sourcecode.swift; path = "CoreDataFleet+CoreDataClass.swift"; sourceTree = "<group>"; };
		2F9D474520D43CAE007C377E /* CoreDataFleet+CoreDataProperties.swift */ = {isa = PBXFileReference; lastKnownFileType = sourcecode.swift; path = "CoreDataFleet+CoreDataProperties.swift"; sourceTree = "<group>"; };
		2FA7685820B36B0B006EA163 /* units.swift */ = {isa = PBXFileReference; lastKnownFileType = sourcecode.swift; path = units.swift; sourceTree = "<group>"; };
		2FA7685A20B36EF0006EA163 /* fleets.swift */ = {isa = PBXFileReference; lastKnownFileType = sourcecode.swift; path = fleets.swift; sourceTree = "<group>"; };
		2FF0B27020ADF70A0036F9EA /* Ultracorps Battle Simulator 2.app */ = {isa = PBXFileReference; explicitFileType = wrapper.application; includeInIndex = 0; path = "Ultracorps Battle Simulator 2.app"; sourceTree = BUILT_PRODUCTS_DIR; };
		2FF0B27320ADF70A0036F9EA /* AppDelegate.swift */ = {isa = PBXFileReference; lastKnownFileType = sourcecode.swift; path = AppDelegate.swift; sourceTree = "<group>"; };
		2FF0B27520ADF70A0036F9EA /* WelcomeViewController.swift */ = {isa = PBXFileReference; lastKnownFileType = sourcecode.swift; path = WelcomeViewController.swift; sourceTree = "<group>"; };
		2FF0B27720ADF70A0036F9EA /* SelectFleetViewController.swift */ = {isa = PBXFileReference; lastKnownFileType = sourcecode.swift; path = SelectFleetViewController.swift; sourceTree = "<group>"; };
		2FF0B27A20ADF70A0036F9EA /* Base */ = {isa = PBXFileReference; lastKnownFileType = file.storyboard; name = Base; path = Base.lproj/Main.storyboard; sourceTree = "<group>"; };
		2FF0B27C20ADF70A0036F9EA /* Assets.xcassets */ = {isa = PBXFileReference; lastKnownFileType = folder.assetcatalog; path = Assets.xcassets; sourceTree = "<group>"; };
		2FF0B27F20ADF70A0036F9EA /* Base */ = {isa = PBXFileReference; lastKnownFileType = file.storyboard; name = Base; path = Base.lproj/LaunchScreen.storyboard; sourceTree = "<group>"; };
		2FF0B28120ADF70A0036F9EA /* Info.plist */ = {isa = PBXFileReference; lastKnownFileType = text.plist.xml; path = Info.plist; sourceTree = "<group>"; };
		2FF0B28920AE31350036F9EA /* EditFleetViewController.swift */ = {isa = PBXFileReference; lastKnownFileType = sourcecode.swift; path = EditFleetViewController.swift; sourceTree = "<group>"; };
		2FF0B28B20AE31FC0036F9EA /* SoloBattleViewController.swift */ = {isa = PBXFileReference; lastKnownFileType = sourcecode.swift; path = SoloBattleViewController.swift; sourceTree = "<group>"; };
		2FF0B28F20AE41340036F9EA /* NetworkBattleViewController.swift */ = {isa = PBXFileReference; lastKnownFileType = sourcecode.swift; path = NetworkBattleViewController.swift; sourceTree = "<group>"; };
		2FF72D7620E6C0B800A800D9 /* Base */ = {isa = PBXFileReference; lastKnownFileType = file.storyboard; name = Base; path = "Ultracorps Battle Simulator 2/Base.lproj/iPhone.storyboard"; sourceTree = "<group>"; };
		2FFC5C1E20E817F300F65C32 /* battleTableCell.xib */ = {isa = PBXFileReference; lastKnownFileType = file.xib; path = battleTableCell.xib; sourceTree = "<group>"; };
		2FFC5C2020E8209000F65C32 /* battleTableCell.swift */ = {isa = PBXFileReference; lastKnownFileType = sourcecode.swift; path = battleTableCell.swift; sourceTree = "<group>"; };
/* End PBXFileReference section */

/* Begin PBXFrameworksBuildPhase section */
		2FF0B26D20ADF70A0036F9EA /* Frameworks */ = {
			isa = PBXFrameworksBuildPhase;
			buildActionMask = 2147483647;
			files = (
			);
			runOnlyForDeploymentPostprocessing = 0;
		};
/* End PBXFrameworksBuildPhase section */

/* Begin PBXGroup section */
		2FF0B26720ADF70A0036F9EA = {
			isa = PBXGroup;
			children = (
				2FF0B27220ADF70A0036F9EA /* Ultracorps Battle Simulator 2 */,
				2FF0B27120ADF70A0036F9EA /* Products */,
			);
			sourceTree = "<group>";
		};
		2FF0B27120ADF70A0036F9EA /* Products */ = {
			isa = PBXGroup;
			children = (
				2FF0B27020ADF70A0036F9EA /* Ultracorps Battle Simulator 2.app */,
			);
			name = Products;
			sourceTree = "<group>";
		};
		2FF0B27220ADF70A0036F9EA /* Ultracorps Battle Simulator 2 */ = {
			isa = PBXGroup;
			children = (
				2FF0B27320ADF70A0036F9EA /* AppDelegate.swift */,
				2FF0B27C20ADF70A0036F9EA /* Assets.xcassets */,
				2FFC5C2020E8209000F65C32 /* battleTableCell.swift */,
				2FFC5C1E20E817F300F65C32 /* battleTableCell.xib */,
				2F9D474420D43CAE007C377E /* CoreDataFleet+CoreDataClass.swift */,
				2F9D474520D43CAE007C377E /* CoreDataFleet+CoreDataProperties.swift */,
				2F9D474220D43CAE007C377E /* CoreDataTaskForce+CoreDataClass.swift */,
				2F9D474320D43CAE007C377E /* CoreDataTaskForce+CoreDataProperties.swift */,
				2FF0B28920AE31350036F9EA /* EditFleetViewController.swift */,
				2FA7685A20B36EF0006EA163 /* fleets.swift */,
				2FF0B28120ADF70A0036F9EA /* Info.plist */,
				2FF72D7520E6C0B800A800D9 /* iPhone.storyboard */,
				2FF0B27E20ADF70A0036F9EA /* LaunchScreen.storyboard */,
				2FF0B27920ADF70A0036F9EA /* Main.storyboard */,
				2F9D473F20D43AEC007C377E /* Model.xcdatamodeld */,
				2FF0B28F20AE41340036F9EA /* NetworkBattleViewController.swift */,
				2F02A84820D578E9003AC7AB /* README.rtf */,
				2FF0B27720ADF70A0036F9EA /* SelectFleetViewController.swift */,
				2FF0B28B20AE31FC0036F9EA /* SoloBattleViewController.swift */,
				2FA7685820B36B0B006EA163 /* units.swift */,
				2FF0B27520ADF70A0036F9EA /* WelcomeViewController.swift */,
			);
			path = "Ultracorps Battle Simulator 2";
			sourceTree = "<group>";
		};
/* End PBXGroup section */

/* Begin PBXNativeTarget section */
		2FF0B26F20ADF70A0036F9EA /* Ultracorps Battle Simulator 2 */ = {
			isa = PBXNativeTarget;
			buildConfigurationList = 2FF0B28420ADF70A0036F9EA /* Build configuration list for PBXNativeTarget "Ultracorps Battle Simulator 2" */;
			buildPhases = (
				2FF0B26C20ADF70A0036F9EA /* Sources */,
				2FF0B26D20ADF70A0036F9EA /* Frameworks */,
				2FF0B26E20ADF70A0036F9EA /* Resources */,
			);
			buildRules = (
			);
			dependencies = (
			);
			name = "Ultracorps Battle Simulator 2";
			productName = "Ultracorps Battle Simulator 1";
			productReference = 2FF0B27020ADF70A0036F9EA /* Ultracorps Battle Simulator 2.app */;
			productType = "com.apple.product-type.application";
		};
/* End PBXNativeTarget section */

/* Begin PBXProject section */
		2FF0B26820ADF70A0036F9EA /* Project object */ = {
			isa = PBXProject;
			attributes = {
				LastSwiftUpdateCheck = 0930;
				LastUpgradeCheck = 0930;
				ORGANIZATIONNAME = com.darrellroot;
				TargetAttributes = {
					2FF0B26F20ADF70A0036F9EA = {
						CreatedOnToolsVersion = 9.3.1;
					};
				};
			};
			buildConfigurationList = 2FF0B26B20ADF70A0036F9EA /* Build configuration list for PBXProject "Ultracorps Battle Simulator 2" */;
			compatibilityVersion = "Xcode 9.3";
			developmentRegion = en;
			hasScannedForEncodings = 0;
			knownRegions = (
				en,
				Base,
			);
			mainGroup = 2FF0B26720ADF70A0036F9EA;
			productRefGroup = 2FF0B27120ADF70A0036F9EA /* Products */;
			projectDirPath = "";
			projectRoot = "";
			targets = (
				2FF0B26F20ADF70A0036F9EA /* Ultracorps Battle Simulator 2 */,
			);
		};
/* End PBXProject section */

/* Begin PBXResourcesBuildPhase section */
		2FF0B26E20ADF70A0036F9EA /* Resources */ = {
			isa = PBXResourcesBuildPhase;
			buildActionMask = 2147483647;
			files = (
				2FFC5C1F20E817F300F65C32 /* battleTableCell.xib in Resources */,
				2FF0B28020ADF70A0036F9EA /* LaunchScreen.storyboard in Resources */,
				2FF0B27D20ADF70A0036F9EA /* Assets.xcassets in Resources */,
				2F02A84920D578E9003AC7AB /* README.rtf in Resources */,
				2FF0B27B20ADF70A0036F9EA /* Main.storyboard in Resources */,
				2FF72D7720E6C0B800A800D9 /* iPhone.storyboard in Resources */,
			);
			runOnlyForDeploymentPostprocessing = 0;
		};
/* End PBXResourcesBuildPhase section */

/* Begin PBXSourcesBuildPhase section */
		2FF0B26C20ADF70A0036F9EA /* Sources */ = {
			isa = PBXSourcesBuildPhase;
			buildActionMask = 2147483647;
			files = (
				2FF0B29020AE41340036F9EA /* NetworkBattleViewController.swift in Sources */,
				2FFC5C2120E8209000F65C32 /* battleTableCell.swift in Sources */,
				2F9D474720D43CAE007C377E /* CoreDataTaskForce+CoreDataProperties.swift in Sources */,
				2FA7685920B36B0B006EA163 /* units.swift in Sources */,
				2FF0B27820ADF70A0036F9EA /* SelectFleetViewController.swift in Sources */,
				2F9D474820D43CAE007C377E /* CoreDataFleet+CoreDataClass.swift in Sources */,
				2FF0B27420ADF70A0036F9EA /* AppDelegate.swift in Sources */,
				2FA7685B20B36EF0006EA163 /* fleets.swift in Sources */,
				2FF0B28A20AE31350036F9EA /* EditFleetViewController.swift in Sources */,
				2F9D474120D43AEC007C377E /* Model.xcdatamodeld in Sources */,
				2FF0B27620ADF70A0036F9EA /* WelcomeViewController.swift in Sources */,
				2F9D474620D43CAE007C377E /* CoreDataTaskForce+CoreDataClass.swift in Sources */,
				2FF0B28C20AE31FC0036F9EA /* SoloBattleViewController.swift in Sources */,
				2F9D474920D43CAE007C377E /* CoreDataFleet+CoreDataProperties.swift in Sources */,
			);
			runOnlyForDeploymentPostprocessing = 0;
		};
/* End PBXSourcesBuildPhase section */

/* Begin PBXVariantGroup section */
		2FF0B27920ADF70A0036F9EA /* Main.storyboard */ = {
			isa = PBXVariantGroup;
			children = (
				2FF0B27A20ADF70A0036F9EA /* Base */,
			);
			name = Main.storyboard;
			sourceTree = "<group>";
		};
		2FF0B27E20ADF70A0036F9EA /* LaunchScreen.storyboard */ = {
			isa = PBXVariantGroup;
			children = (
				2FF0B27F20ADF70A0036F9EA /* Base */,
			);
			name = LaunchScreen.storyboard;
			sourceTree = "<group>";
		};
		2FF72D7520E6C0B800A800D9 /* iPhone.storyboard */ = {
			isa = PBXVariantGroup;
			children = (
				2FF72D7620E6C0B800A800D9 /* Base */,
			);
			name = iPhone.storyboard;
			sourceTree = "<group>";
		};
/* End PBXVariantGroup section */

/* Begin XCBuildConfiguration section */
		2FF0B28220ADF70A0036F9EA /* Debug */ = {
			isa = XCBuildConfiguration;
			buildSettings = {
				ALWAYS_SEARCH_USER_PATHS = NO;
				CLANG_ANALYZER_NONNULL = YES;
				CLANG_ANALYZER_NUMBER_OBJECT_CONVERSION = YES_AGGRESSIVE;
				CLANG_CXX_LANGUAGE_STANDARD = "gnu++14";
				CLANG_CXX_LIBRARY = "libc++";
				CLANG_ENABLE_MODULES = YES;
				CLANG_ENABLE_OBJC_ARC = YES;
				CLANG_ENABLE_OBJC_WEAK = YES;
				CLANG_WARN_BLOCK_CAPTURE_AUTORELEASING = YES;
				CLANG_WARN_BOOL_CONVERSION = YES;
				CLANG_WARN_COMMA = YES;
				CLANG_WARN_CONSTANT_CONVERSION = YES;
				CLANG_WARN_DEPRECATED_OBJC_IMPLEMENTATIONS = YES;
				CLANG_WARN_DIRECT_OBJC_ISA_USAGE = YES_ERROR;
				CLANG_WARN_DOCUMENTATION_COMMENTS = YES;
				CLANG_WARN_EMPTY_BODY = YES;
				CLANG_WARN_ENUM_CONVERSION = YES;
				CLANG_WARN_INFINITE_RECURSION = YES;
				CLANG_WARN_INT_CONVERSION = YES;
				CLANG_WARN_NON_LITERAL_NULL_CONVERSION = YES;
				CLANG_WARN_OBJC_IMPLICIT_RETAIN_SELF = YES;
				CLANG_WARN_OBJC_LITERAL_CONVERSION = YES;
				CLANG_WARN_OBJC_ROOT_CLASS = YES_ERROR;
				CLANG_WARN_RANGE_LOOP_ANALYSIS = YES;
				CLANG_WARN_STRICT_PROTOTYPES = YES;
				CLANG_WARN_SUSPICIOUS_MOVE = YES;
				CLANG_WARN_UNGUARDED_AVAILABILITY = YES_AGGRESSIVE;
				CLANG_WARN_UNREACHABLE_CODE = YES;
				CLANG_WARN__DUPLICATE_METHOD_MATCH = YES;
				CODE_SIGN_IDENTITY = "iPhone Developer";
				COPY_PHASE_STRIP = NO;
				DEBUG_INFORMATION_FORMAT = dwarf;
				ENABLE_STRICT_OBJC_MSGSEND = YES;
				ENABLE_TESTABILITY = YES;
				GCC_C_LANGUAGE_STANDARD = gnu11;
				GCC_DYNAMIC_NO_PIC = NO;
				GCC_NO_COMMON_BLOCKS = YES;
				GCC_OPTIMIZATION_LEVEL = 0;
				GCC_PREPROCESSOR_DEFINITIONS = (
					"DEBUG=1",
					"$(inherited)",
				);
				GCC_WARN_64_TO_32_BIT_CONVERSION = YES;
				GCC_WARN_ABOUT_RETURN_TYPE = YES_ERROR;
				GCC_WARN_UNDECLARED_SELECTOR = YES;
				GCC_WARN_UNINITIALIZED_AUTOS = YES_AGGRESSIVE;
				GCC_WARN_UNUSED_FUNCTION = YES;
				GCC_WARN_UNUSED_VARIABLE = YES;
				IPHONEOS_DEPLOYMENT_TARGET = 11.3;
				MTL_ENABLE_DEBUG_INFO = YES;
				ONLY_ACTIVE_ARCH = YES;
				SDKROOT = iphoneos;
				SWIFT_ACTIVE_COMPILATION_CONDITIONS = DEBUG;
				SWIFT_OPTIMIZATION_LEVEL = "-Onone";
			};
			name = Debug;
		};
		2FF0B28320ADF70A0036F9EA /* Release */ = {
			isa = XCBuildConfiguration;
			buildSettings = {
				ALWAYS_SEARCH_USER_PATHS = NO;
				CLANG_ANALYZER_NONNULL = YES;
				CLANG_ANALYZER_NUMBER_OBJECT_CONVERSION = YES_AGGRESSIVE;
				CLANG_CXX_LANGUAGE_STANDARD = "gnu++14";
				CLANG_CXX_LIBRARY = "libc++";
				CLANG_ENABLE_MODULES = YES;
				CLANG_ENABLE_OBJC_ARC = YES;
				CLANG_ENABLE_OBJC_WEAK = YES;
				CLANG_WARN_BLOCK_CAPTURE_AUTORELEASING = YES;
				CLANG_WARN_BOOL_CONVERSION = YES;
				CLANG_WARN_COMMA = YES;
				CLANG_WARN_CONSTANT_CONVERSION = YES;
				CLANG_WARN_DEPRECATED_OBJC_IMPLEMENTATIONS = YES;
				CLANG_WARN_DIRECT_OBJC_ISA_USAGE = YES_ERROR;
				CLANG_WARN_DOCUMENTATION_COMMENTS = YES;
				CLANG_WARN_EMPTY_BODY = YES;
				CLANG_WARN_ENUM_CONVERSION = YES;
				CLANG_WARN_INFINITE_RECURSION = YES;
				CLANG_WARN_INT_CONVERSION = YES;
				CLANG_WARN_NON_LITERAL_NULL_CONVERSION = YES;
				CLANG_WARN_OBJC_IMPLICIT_RETAIN_SELF = YES;
				CLANG_WARN_OBJC_LITERAL_CONVERSION = YES;
				CLANG_WARN_OBJC_ROOT_CLASS = YES_ERROR;
				CLANG_WARN_RANGE_LOOP_ANALYSIS = YES;
				CLANG_WARN_STRICT_PROTOTYPES = YES;
				CLANG_WARN_SUSPICIOUS_MOVE = YES;
				CLANG_WARN_UNGUARDED_AVAILABILITY = YES_AGGRESSIVE;
				CLANG_WARN_UNREACHABLE_CODE = YES;
				CLANG_WARN__DUPLICATE_METHOD_MATCH = YES;
				CODE_SIGN_IDENTITY = "iPhone Developer";
				COPY_PHASE_STRIP = NO;
				DEBUG_INFORMATION_FORMAT = "dwarf-with-dsym";
				ENABLE_NS_ASSERTIONS = NO;
				ENABLE_STRICT_OBJC_MSGSEND = YES;
				GCC_C_LANGUAGE_STANDARD = gnu11;
				GCC_NO_COMMON_BLOCKS = YES;
				GCC_WARN_64_TO_32_BIT_CONVERSION = YES;
				GCC_WARN_ABOUT_RETURN_TYPE = YES_ERROR;
				GCC_WARN_UNDECLARED_SELECTOR = YES;
				GCC_WARN_UNINITIALIZED_AUTOS = YES_AGGRESSIVE;
				GCC_WARN_UNUSED_FUNCTION = YES;
				GCC_WARN_UNUSED_VARIABLE = YES;
				IPHONEOS_DEPLOYMENT_TARGET = 11.3;
				MTL_ENABLE_DEBUG_INFO = NO;
				SDKROOT = iphoneos;
				SWIFT_COMPILATION_MODE = wholemodule;
				SWIFT_OPTIMIZATION_LEVEL = "-O";
				VALIDATE_PRODUCT = YES;
			};
			name = Release;
		};
		2FF0B28520ADF70A0036F9EA /* Debug */ = {
			isa = XCBuildConfiguration;
			buildSettings = {
				ASSETCATALOG_COMPILER_APPICON_NAME = AppIcon;
				CODE_SIGN_STYLE = Automatic;
				DEVELOPMENT_TEAM = 8DU2Q8ABKY;
				INFOPLIST_FILE = "Ultracorps Battle Simulator 2/Info.plist";
				IPHONEOS_DEPLOYMENT_TARGET = 11.0;
				LD_RUNPATH_SEARCH_PATHS = (
					"$(inherited)",
					"@executable_path/Frameworks",
				);
				PRODUCT_BUNDLE_IDENTIFIER = "com.darrellroot.Ultracorps-Battle-Simulator-2";
				PRODUCT_NAME = "$(TARGET_NAME)";
				SWIFT_VERSION = 4.0;
				TARGETED_DEVICE_FAMILY = "1,2";
			};
			name = Debug;
		};
		2FF0B28620ADF70A0036F9EA /* Release */ = {
			isa = XCBuildConfiguration;
			buildSettings = {
				ASSETCATALOG_COMPILER_APPICON_NAME = AppIcon;
				CODE_SIGN_STYLE = Automatic;
				DEVELOPMENT_TEAM = 8DU2Q8ABKY;
				INFOPLIST_FILE = "Ultracorps Battle Simulator 2/Info.plist";
				IPHONEOS_DEPLOYMENT_TARGET = 11.0;
				LD_RUNPATH_SEARCH_PATHS = (
					"$(inherited)",
					"@executable_path/Frameworks",
				);
				PRODUCT_BUNDLE_IDENTIFIER = "com.darrellroot.Ultracorps-Battle-Simulator-2";
				PRODUCT_NAME = "$(TARGET_NAME)";
				SWIFT_VERSION = 4.0;
				TARGETED_DEVICE_FAMILY = "1,2";
			};
			name = Release;
		};
/* End XCBuildConfiguration section */

/* Begin XCConfigurationList section */
		2FF0B26B20ADF70A0036F9EA /* Build configuration list for PBXProject "Ultracorps Battle Simulator 2" */ = {
			isa = XCConfigurationList;
			buildConfigurations = (
				2FF0B28220ADF70A0036F9EA /* Debug */,
				2FF0B28320ADF70A0036F9EA /* Release */,
			);
			defaultConfigurationIsVisible = 0;
			defaultConfigurationName = Release;
		};
		2FF0B28420ADF70A0036F9EA /* Build configuration list for PBXNativeTarget "Ultracorps Battle Simulator 2" */ = {
			isa = XCConfigurationList;
			buildConfigurations = (
				2FF0B28520ADF70A0036F9EA /* Debug */,
				2FF0B28620ADF70A0036F9EA /* Release */,
			);
			defaultConfigurationIsVisible = 0;
			defaultConfigurationName = Release;
		};
/* End XCConfigurationList section */

/* Begin XCVersionGroup section */
		2F9D473F20D43AEC007C377E /* Model.xcdatamodeld */ = {
			isa = XCVersionGroup;
			children = (
				2F9D474020D43AEC007C377E /* Model.xcdatamodel */,
			);
			currentVersion = 2F9D474020D43AEC007C377E /* Model.xcdatamodel */;
			path = Model.xcdatamodeld;
			sourceTree = "<group>";
			versionGroupType = wrapper.xcdatamodel;
		};
/* End XCVersionGroup section */
	};
	rootObject = 2FF0B26820ADF70A0036F9EA /* Project object */;
}
